// !$*UTF8*$!
{
	archiveVersion = 1;
	classes = {
	};
	objectVersion = 46;
	objects = {

/* Begin PBXBuildFile section */
		66BD65518B9FDF20E50EA3C1 /* Pods_punctArt___Loading_Culture.framework in Frameworks */ = {isa = PBXBuildFile; fileRef = CEA9B0D823706C5348742B87 /* Pods_punctArt___Loading_Culture.framework */; };
		913B0BE81E98FCF5006B8546 /* ShowNavigationController.m in Sources */ = {isa = PBXBuildFile; fileRef = 913B0BE71E98FCF5006B8546 /* ShowNavigationController.m */; };
		913B0BEB1E98FD08006B8546 /* ProfileNavigationController.m in Sources */ = {isa = PBXBuildFile; fileRef = 913B0BEA1E98FD08006B8546 /* ProfileNavigationController.m */; };
		913B0BEE1E98FD86006B8546 /* ShowsViewController.m in Sources */ = {isa = PBXBuildFile; fileRef = 913B0BED1E98FD86006B8546 /* ShowsViewController.m */; };
		913B0BF31E98FF0D006B8546 /* UIViewController+ZooUrban.m in Sources */ = {isa = PBXBuildFile; fileRef = 913B0BF21E98FF0D006B8546 /* UIViewController+ZooUrban.m */; };
		913B0BF81E990A4C006B8546 /* ShowTableViewCell.m in Sources */ = {isa = PBXBuildFile; fileRef = 913B0BF61E990A4C006B8546 /* ShowTableViewCell.m */; };
		913B0BF91E990A4C006B8546 /* ShowTableViewCell.xib in Resources */ = {isa = PBXBuildFile; fileRef = 913B0BF71E990A4C006B8546 /* ShowTableViewCell.xib */; };
		916B04AB1E98E44200813628 /* main.m in Sources */ = {isa = PBXBuildFile; fileRef = 916B04AA1E98E44200813628 /* main.m */; };
		916B04AE1E98E44200813628 /* AppDelegate.m in Sources */ = {isa = PBXBuildFile; fileRef = 916B04AD1E98E44200813628 /* AppDelegate.m */; };
		916B04B41E98E44200813628 /* Main.storyboard in Resources */ = {isa = PBXBuildFile; fileRef = 916B04B21E98E44200813628 /* Main.storyboard */; };
		916B04B71E98E44200813628 /* punctArt___Loading_Culture.xcdatamodeld in Sources */ = {isa = PBXBuildFile; fileRef = 916B04B51E98E44200813628 /* punctArt___Loading_Culture.xcdatamodeld */; };
		916B04B91E98E44200813628 /* Assets.xcassets in Resources */ = {isa = PBXBuildFile; fileRef = 916B04B81E98E44200813628 /* Assets.xcassets */; };
		916B04BC1E98E44200813628 /* LaunchScreen.storyboard in Resources */ = {isa = PBXBuildFile; fileRef = 916B04BA1E98E44200813628 /* LaunchScreen.storyboard */; };
		916B04C61E98E6E200813628 /* CustomTabBarViewController.m in Sources */ = {isa = PBXBuildFile; fileRef = 916B04C51E98E6E200813628 /* CustomTabBarViewController.m */; };
		91A4F1ED1EAFD8F60002A82B /* AccountKit.framework in Frameworks */ = {isa = PBXBuildFile; fileRef = 91A4F1E81EAFD8F60002A82B /* AccountKit.framework */; };
		91A4F1EE1EAFD8F60002A82B /* Bolts.framework in Frameworks */ = {isa = PBXBuildFile; fileRef = 91A4F1E91EAFD8F60002A82B /* Bolts.framework */; };
		91A4F1EF1EAFD8F60002A82B /* FBSDKCoreKit.framework in Frameworks */ = {isa = PBXBuildFile; fileRef = 91A4F1EA1EAFD8F60002A82B /* FBSDKCoreKit.framework */; };
		91A4F1F01EAFD8F60002A82B /* FBSDKLoginKit.framework in Frameworks */ = {isa = PBXBuildFile; fileRef = 91A4F1EB1EAFD8F60002A82B /* FBSDKLoginKit.framework */; };
		91A4F1F11EAFD8F60002A82B /* FBSDKShareKit.framework in Frameworks */ = {isa = PBXBuildFile; fileRef = 91A4F1EC1EAFD8F60002A82B /* FBSDKShareKit.framework */; };
		91A4F1F21EAFDC080002A82B /* AccountKit.framework in Frameworks */ = {isa = PBXBuildFile; fileRef = 91A4F1E81EAFD8F60002A82B /* AccountKit.framework */; };
		91A4F1F31EAFDC080002A82B /* AccountKit.framework in Embed Frameworks */ = {isa = PBXBuildFile; fileRef = 91A4F1E81EAFD8F60002A82B /* AccountKit.framework */; settings = {ATTRIBUTES = (CodeSignOnCopy, RemoveHeadersOnCopy, ); }; };
		91A4F1F41EAFDC080002A82B /* Bolts.framework in Frameworks */ = {isa = PBXBuildFile; fileRef = 91A4F1E91EAFD8F60002A82B /* Bolts.framework */; };
		91A4F1F51EAFDC080002A82B /* Bolts.framework in Embed Frameworks */ = {isa = PBXBuildFile; fileRef = 91A4F1E91EAFD8F60002A82B /* Bolts.framework */; settings = {ATTRIBUTES = (CodeSignOnCopy, RemoveHeadersOnCopy, ); }; };
		91A4F1F61EAFDC080002A82B /* FBSDKCoreKit.framework in Frameworks */ = {isa = PBXBuildFile; fileRef = 91A4F1EA1EAFD8F60002A82B /* FBSDKCoreKit.framework */; };
		91A4F1F71EAFDC080002A82B /* FBSDKCoreKit.framework in Embed Frameworks */ = {isa = PBXBuildFile; fileRef = 91A4F1EA1EAFD8F60002A82B /* FBSDKCoreKit.framework */; settings = {ATTRIBUTES = (CodeSignOnCopy, RemoveHeadersOnCopy, ); }; };
		91A4F1F81EAFDC080002A82B /* FBSDKLoginKit.framework in Frameworks */ = {isa = PBXBuildFile; fileRef = 91A4F1EB1EAFD8F60002A82B /* FBSDKLoginKit.framework */; };
		91A4F1F91EAFDC080002A82B /* FBSDKLoginKit.framework in Embed Frameworks */ = {isa = PBXBuildFile; fileRef = 91A4F1EB1EAFD8F60002A82B /* FBSDKLoginKit.framework */; settings = {ATTRIBUTES = (CodeSignOnCopy, RemoveHeadersOnCopy, ); }; };
		91A4F1FA1EAFDC080002A82B /* FBSDKShareKit.framework in Frameworks */ = {isa = PBXBuildFile; fileRef = 91A4F1EC1EAFD8F60002A82B /* FBSDKShareKit.framework */; };
		91A4F1FB1EAFDC080002A82B /* FBSDKShareKit.framework in Embed Frameworks */ = {isa = PBXBuildFile; fileRef = 91A4F1EC1EAFD8F60002A82B /* FBSDKShareKit.framework */; settings = {ATTRIBUTES = (CodeSignOnCopy, RemoveHeadersOnCopy, ); }; };
		91A4F1FF1EAFDDC00002A82B /* LoginViewController.m in Sources */ = {isa = PBXBuildFile; fileRef = 91A4F1FE1EAFDDC00002A82B /* LoginViewController.m */; };
		91A4F2031EAFDF6E0002A82B /* ProfileViewController.m in Sources */ = {isa = PBXBuildFile; fileRef = 91A4F2021EAFDF6E0002A82B /* ProfileViewController.m */; };
		91A4F2061EAFE9BA0002A82B /* LoggedUser.m in Sources */ = {isa = PBXBuildFile; fileRef = 91A4F2051EAFE9BA0002A82B /* LoggedUser.m */; };
		91A4F2091EAFEB020002A82B /* AlertManager.m in Sources */ = {isa = PBXBuildFile; fileRef = 91A4F2081EAFEB020002A82B /* AlertManager.m */; };
		91A4F20C1EAFF2730002A82B /* LoginRequest.m in Sources */ = {isa = PBXBuildFile; fileRef = 91A4F20B1EAFF2730002A82B /* LoginRequest.m */; };
		91A4F20F1EAFF2F80002A82B /* Enums.m in Sources */ = {isa = PBXBuildFile; fileRef = 91A4F20E1EAFF2F80002A82B /* Enums.m */; };
		91A4F2141EAFFFFB0002A82B /* Session.m in Sources */ = {isa = PBXBuildFile; fileRef = 91A4F2111EAFFFFB0002A82B /* Session.m */; };
		91A4F2151EAFFFFB0002A82B /* SessionManager.m in Sources */ = {isa = PBXBuildFile; fileRef = 91A4F2131EAFFFFB0002A82B /* SessionManager.m */; };
		91A5A5FF1E9D5A770012903F /* AWDirectionsViewController.m in Sources */ = {isa = PBXBuildFile; fileRef = 91A5A5FE1E9D5A770012903F /* AWDirectionsViewController.m */; };
		91B359401EC9C89600F6D2C7 /* ShowParallaxHeaderController.m in Sources */ = {isa = PBXBuildFile; fileRef = 91B3593F1EC9C89600F6D2C7 /* ShowParallaxHeaderController.m */; };
		91B359431EC9D71B00F6D2C7 /* ShowScrollViewController.m in Sources */ = {isa = PBXBuildFile; fileRef = 91B359421EC9D71B00F6D2C7 /* ShowScrollViewController.m */; };
		F7498A661E9BF00D0067413E /* HttpClient.m in Sources */ = {isa = PBXBuildFile; fileRef = F7498A651E9BF00D0067413E /* HttpClient.m */; };
		F7498A6F1E9BF14F0067413E /* BaseResponse.m in Sources */ = {isa = PBXBuildFile; fileRef = F7498A6E1E9BF14F0067413E /* BaseResponse.m */; };
		F7498A721E9BF1860067413E /* NSDictionary+Common.m in Sources */ = {isa = PBXBuildFile; fileRef = F7498A711E9BF1860067413E /* NSDictionary+Common.m */; };
		F7498A751E9BF6630067413E /* PlayRepresentationModel.m in Sources */ = {isa = PBXBuildFile; fileRef = F7498A741E9BF6630067413E /* PlayRepresentationModel.m */; };
		F7498A781E9BF6C90067413E /* TheaterModel.m in Sources */ = {isa = PBXBuildFile; fileRef = F7498A771E9BF6C90067413E /* TheaterModel.m */; };
		F7498A7B1E9BF8470067413E /* PlayModel.m in Sources */ = {isa = PBXBuildFile; fileRef = F7498A7A1E9BF8470067413E /* PlayModel.m */; };
		F7498A7E1E9BF8FE0067413E /* ActorModel.m in Sources */ = {isa = PBXBuildFile; fileRef = F7498A7D1E9BF8FE0067413E /* ActorModel.m */; };
		F7498A821E9BFD330067413E /* NSArray+Common.m in Sources */ = {isa = PBXBuildFile; fileRef = F7498A811E9BFD330067413E /* NSArray+Common.m */; };
		F7498A851E9BFE580067413E /* GetPlayRepresRequest.m in Sources */ = {isa = PBXBuildFile; fileRef = F7498A841E9BFE580067413E /* GetPlayRepresRequest.m */; };
		F7498A891E9C10350067413E /* LocationMapViewController.m in Sources */ = {isa = PBXBuildFile; fileRef = F7498A881E9C10350067413E /* LocationMapViewController.m */; };
		F7566F741EB0FB3A000083D0 /* ShowViewController.m in Sources */ = {isa = PBXBuildFile; fileRef = F7566F731EB0FB3A000083D0 /* ShowViewController.m */; };
/* End PBXBuildFile section */

/* Begin PBXCopyFilesBuildPhase section */
		91A4F1FC1EAFDC080002A82B /* Embed Frameworks */ = {
			isa = PBXCopyFilesBuildPhase;
			buildActionMask = 2147483647;
			dstPath = "";
			dstSubfolderSpec = 10;
			files = (
				91A4F1F31EAFDC080002A82B /* AccountKit.framework in Embed Frameworks */,
				91A4F1F71EAFDC080002A82B /* FBSDKCoreKit.framework in Embed Frameworks */,
				91A4F1FB1EAFDC080002A82B /* FBSDKShareKit.framework in Embed Frameworks */,
				91A4F1F91EAFDC080002A82B /* FBSDKLoginKit.framework in Embed Frameworks */,
				91A4F1F51EAFDC080002A82B /* Bolts.framework in Embed Frameworks */,
			);
			name = "Embed Frameworks";
			runOnlyForDeploymentPostprocessing = 0;
		};
/* End PBXCopyFilesBuildPhase section */

/* Begin PBXFileReference section */
		89187CECE7A7E80A4626313A /* Pods-punctArt : Loading Culture.release.xcconfig */ = {isa = PBXFileReference; includeInIndex = 1; lastKnownFileType = text.xcconfig; name = "Pods-punctArt : Loading Culture.release.xcconfig"; path = "Pods/Target Support Files/Pods-punctArt : Loading Culture/Pods-punctArt : Loading Culture.release.xcconfig"; sourceTree = "<group>"; };
		913B0BE61E98FCF5006B8546 /* ShowNavigationController.h */ = {isa = PBXFileReference; fileEncoding = 4; lastKnownFileType = sourcecode.c.h; path = ShowNavigationController.h; sourceTree = "<group>"; };
		913B0BE71E98FCF5006B8546 /* ShowNavigationController.m */ = {isa = PBXFileReference; fileEncoding = 4; lastKnownFileType = sourcecode.c.objc; path = ShowNavigationController.m; sourceTree = "<group>"; };
		913B0BE91E98FD08006B8546 /* ProfileNavigationController.h */ = {isa = PBXFileReference; fileEncoding = 4; lastKnownFileType = sourcecode.c.h; path = ProfileNavigationController.h; sourceTree = "<group>"; };
		913B0BEA1E98FD08006B8546 /* ProfileNavigationController.m */ = {isa = PBXFileReference; fileEncoding = 4; lastKnownFileType = sourcecode.c.objc; path = ProfileNavigationController.m; sourceTree = "<group>"; };
		913B0BEC1E98FD86006B8546 /* ShowsViewController.h */ = {isa = PBXFileReference; fileEncoding = 4; lastKnownFileType = sourcecode.c.h; path = ShowsViewController.h; sourceTree = "<group>"; };
		913B0BED1E98FD86006B8546 /* ShowsViewController.m */ = {isa = PBXFileReference; fileEncoding = 4; lastKnownFileType = sourcecode.c.objc; path = ShowsViewController.m; sourceTree = "<group>"; };
		913B0BF11E98FF0D006B8546 /* UIViewController+ZooUrban.h */ = {isa = PBXFileReference; fileEncoding = 4; lastKnownFileType = sourcecode.c.h; path = "UIViewController+ZooUrban.h"; sourceTree = "<group>"; };
		913B0BF21E98FF0D006B8546 /* UIViewController+ZooUrban.m */ = {isa = PBXFileReference; fileEncoding = 4; lastKnownFileType = sourcecode.c.objc; path = "UIViewController+ZooUrban.m"; sourceTree = "<group>"; };
		913B0BF51E990A4C006B8546 /* ShowTableViewCell.h */ = {isa = PBXFileReference; fileEncoding = 4; lastKnownFileType = sourcecode.c.h; name = ShowTableViewCell.h; path = Assets.xcassets/ShowTableViewCell.h; sourceTree = "<group>"; };
		913B0BF61E990A4C006B8546 /* ShowTableViewCell.m */ = {isa = PBXFileReference; fileEncoding = 4; lastKnownFileType = sourcecode.c.objc; name = ShowTableViewCell.m; path = Assets.xcassets/ShowTableViewCell.m; sourceTree = "<group>"; };
		913B0BF71E990A4C006B8546 /* ShowTableViewCell.xib */ = {isa = PBXFileReference; fileEncoding = 4; lastKnownFileType = file.xib; name = ShowTableViewCell.xib; path = Assets.xcassets/ShowTableViewCell.xib; sourceTree = "<group>"; };
		916B04A61E98E44200813628 /* punctArt : Loading Culture.app */ = {isa = PBXFileReference; explicitFileType = wrapper.application; includeInIndex = 0; path = "punctArt : Loading Culture.app"; sourceTree = BUILT_PRODUCTS_DIR; };
		916B04AA1E98E44200813628 /* main.m */ = {isa = PBXFileReference; lastKnownFileType = sourcecode.c.objc; path = main.m; sourceTree = "<group>"; };
		916B04AC1E98E44200813628 /* AppDelegate.h */ = {isa = PBXFileReference; lastKnownFileType = sourcecode.c.h; path = AppDelegate.h; sourceTree = "<group>"; };
		916B04AD1E98E44200813628 /* AppDelegate.m */ = {isa = PBXFileReference; lastKnownFileType = sourcecode.c.objc; path = AppDelegate.m; sourceTree = "<group>"; };
		916B04B31E98E44200813628 /* Base */ = {isa = PBXFileReference; lastKnownFileType = file.storyboard; name = Base; path = Base.lproj/Main.storyboard; sourceTree = "<group>"; };
		916B04B61E98E44200813628 /* punctArt___Loading_Culture.xcdatamodel */ = {isa = PBXFileReference; lastKnownFileType = wrapper.xcdatamodel; path = "punctArt___Loading_Culture.xcdatamodel"; sourceTree = "<group>"; };
		916B04B81E98E44200813628 /* Assets.xcassets */ = {isa = PBXFileReference; lastKnownFileType = folder.assetcatalog; path = Assets.xcassets; sourceTree = "<group>"; };
		916B04BB1E98E44200813628 /* Base */ = {isa = PBXFileReference; lastKnownFileType = file.storyboard; name = Base; path = Base.lproj/LaunchScreen.storyboard; sourceTree = "<group>"; };
		916B04BD1E98E44200813628 /* Info.plist */ = {isa = PBXFileReference; lastKnownFileType = text.plist.xml; path = Info.plist; sourceTree = "<group>"; };
		916B04C41E98E6E200813628 /* CustomTabBarViewController.h */ = {isa = PBXFileReference; fileEncoding = 4; lastKnownFileType = sourcecode.c.h; path = CustomTabBarViewController.h; sourceTree = "<group>"; };
		916B04C51E98E6E200813628 /* CustomTabBarViewController.m */ = {isa = PBXFileReference; fileEncoding = 4; lastKnownFileType = sourcecode.c.objc; path = CustomTabBarViewController.m; sourceTree = "<group>"; };
		91A4F1E81EAFD8F60002A82B /* AccountKit.framework */ = {isa = PBXFileReference; lastKnownFileType = wrapper.framework; path = AccountKit.framework; sourceTree = "<group>"; };
		91A4F1E91EAFD8F60002A82B /* Bolts.framework */ = {isa = PBXFileReference; lastKnownFileType = wrapper.framework; path = Bolts.framework; sourceTree = "<group>"; };
		91A4F1EA1EAFD8F60002A82B /* FBSDKCoreKit.framework */ = {isa = PBXFileReference; lastKnownFileType = wrapper.framework; path = FBSDKCoreKit.framework; sourceTree = "<group>"; };
		91A4F1EB1EAFD8F60002A82B /* FBSDKLoginKit.framework */ = {isa = PBXFileReference; lastKnownFileType = wrapper.framework; path = FBSDKLoginKit.framework; sourceTree = "<group>"; };
		91A4F1EC1EAFD8F60002A82B /* FBSDKShareKit.framework */ = {isa = PBXFileReference; lastKnownFileType = wrapper.framework; path = FBSDKShareKit.framework; sourceTree = "<group>"; };
		91A4F1FD1EAFDDC00002A82B /* LoginViewController.h */ = {isa = PBXFileReference; fileEncoding = 4; lastKnownFileType = sourcecode.c.h; path = LoginViewController.h; sourceTree = "<group>"; };
		91A4F1FE1EAFDDC00002A82B /* LoginViewController.m */ = {isa = PBXFileReference; fileEncoding = 4; lastKnownFileType = sourcecode.c.objc; path = LoginViewController.m; sourceTree = "<group>"; };
		91A4F2011EAFDF6E0002A82B /* ProfileViewController.h */ = {isa = PBXFileReference; fileEncoding = 4; lastKnownFileType = sourcecode.c.h; path = ProfileViewController.h; sourceTree = "<group>"; };
		91A4F2021EAFDF6E0002A82B /* ProfileViewController.m */ = {isa = PBXFileReference; fileEncoding = 4; lastKnownFileType = sourcecode.c.objc; path = ProfileViewController.m; sourceTree = "<group>"; };
		91A4F2041EAFE9BA0002A82B /* LoggedUser.h */ = {isa = PBXFileReference; fileEncoding = 4; lastKnownFileType = sourcecode.c.h; path = LoggedUser.h; sourceTree = "<group>"; };
		91A4F2051EAFE9BA0002A82B /* LoggedUser.m */ = {isa = PBXFileReference; fileEncoding = 4; lastKnownFileType = sourcecode.c.objc; path = LoggedUser.m; sourceTree = "<group>"; };
		91A4F2071EAFEB020002A82B /* AlertManager.h */ = {isa = PBXFileReference; fileEncoding = 4; lastKnownFileType = sourcecode.c.h; path = AlertManager.h; sourceTree = "<group>"; };
		91A4F2081EAFEB020002A82B /* AlertManager.m */ = {isa = PBXFileReference; fileEncoding = 4; lastKnownFileType = sourcecode.c.objc; path = AlertManager.m; sourceTree = "<group>"; };
		91A4F20A1EAFF2730002A82B /* LoginRequest.h */ = {isa = PBXFileReference; fileEncoding = 4; lastKnownFileType = sourcecode.c.h; path = LoginRequest.h; sourceTree = "<group>"; };
		91A4F20B1EAFF2730002A82B /* LoginRequest.m */ = {isa = PBXFileReference; fileEncoding = 4; lastKnownFileType = sourcecode.c.objc; path = LoginRequest.m; sourceTree = "<group>"; };
		91A4F20D1EAFF2F80002A82B /* Enums.h */ = {isa = PBXFileReference; fileEncoding = 4; lastKnownFileType = sourcecode.c.h; path = Enums.h; sourceTree = "<group>"; };
		91A4F20E1EAFF2F80002A82B /* Enums.m */ = {isa = PBXFileReference; fileEncoding = 4; lastKnownFileType = sourcecode.c.objc; path = Enums.m; sourceTree = "<group>"; };
		91A4F2101EAFFFFB0002A82B /* Session.h */ = {isa = PBXFileReference; fileEncoding = 4; lastKnownFileType = sourcecode.c.h; path = Session.h; sourceTree = "<group>"; };
		91A4F2111EAFFFFB0002A82B /* Session.m */ = {isa = PBXFileReference; fileEncoding = 4; lastKnownFileType = sourcecode.c.objc; path = Session.m; sourceTree = "<group>"; };
		91A4F2121EAFFFFB0002A82B /* SessionManager.h */ = {isa = PBXFileReference; fileEncoding = 4; lastKnownFileType = sourcecode.c.h; path = SessionManager.h; sourceTree = "<group>"; };
		91A4F2131EAFFFFB0002A82B /* SessionManager.m */ = {isa = PBXFileReference; fileEncoding = 4; lastKnownFileType = sourcecode.c.objc; path = SessionManager.m; sourceTree = "<group>"; };
		91A5A5FD1E9D5A770012903F /* AWDirectionsViewController.h */ = {isa = PBXFileReference; fileEncoding = 4; lastKnownFileType = sourcecode.c.h; path = AWDirectionsViewController.h; sourceTree = "<group>"; };
		91A5A5FE1E9D5A770012903F /* AWDirectionsViewController.m */ = {isa = PBXFileReference; fileEncoding = 4; lastKnownFileType = sourcecode.c.objc; path = AWDirectionsViewController.m; sourceTree = "<group>"; };
		91B3593E1EC9C89600F6D2C7 /* ShowParallaxHeaderController.h */ = {isa = PBXFileReference; fileEncoding = 4; lastKnownFileType = sourcecode.c.h; path = ShowParallaxHeaderController.h; sourceTree = "<group>"; };
		91B3593F1EC9C89600F6D2C7 /* ShowParallaxHeaderController.m */ = {isa = PBXFileReference; fileEncoding = 4; lastKnownFileType = sourcecode.c.objc; path = ShowParallaxHeaderController.m; sourceTree = "<group>"; };
		91B359411EC9D71B00F6D2C7 /* ShowScrollViewController.h */ = {isa = PBXFileReference; fileEncoding = 4; lastKnownFileType = sourcecode.c.h; path = ShowScrollViewController.h; sourceTree = "<group>"; };
		91B359421EC9D71B00F6D2C7 /* ShowScrollViewController.m */ = {isa = PBXFileReference; fileEncoding = 4; lastKnownFileType = sourcecode.c.objc; path = ShowScrollViewController.m; sourceTree = "<group>"; };
		CEA9B0D823706C5348742B87 /* Pods_punctArt___Loading_Culture.framework */ = {isa = PBXFileReference; explicitFileType = wrapper.framework; includeInIndex = 0; path = "Pods_punctArt___Loading_Culture.framework"; sourceTree = BUILT_PRODUCTS_DIR; };
		F389D8C33C0011462321701E /* Pods-punctArt : Loading Culture.debug.xcconfig */ = {isa = PBXFileReference; includeInIndex = 1; lastKnownFileType = text.xcconfig; name = "Pods-punctArt : Loading Culture.debug.xcconfig"; path = "Pods/Target Support Files/Pods-punctArt : Loading Culture/Pods-punctArt : Loading Culture.debug.xcconfig"; sourceTree = "<group>"; };
		F7498A641E9BF00D0067413E /* HttpClient.h */ = {isa = PBXFileReference; fileEncoding = 4; lastKnownFileType = sourcecode.c.h; path = HttpClient.h; sourceTree = "<group>"; };
		F7498A651E9BF00D0067413E /* HttpClient.m */ = {isa = PBXFileReference; fileEncoding = 4; lastKnownFileType = sourcecode.c.objc; path = HttpClient.m; sourceTree = "<group>"; };
		F7498A671E9BF0280067413E /* PunctArtHeaders.pch */ = {isa = PBXFileReference; lastKnownFileType = sourcecode.c.h; path = PunctArtHeaders.pch; sourceTree = "<group>"; };
		F7498A6A1E9BF0E80067413E /* MultipartRequestProtocol.h */ = {isa = PBXFileReference; lastKnownFileType = sourcecode.c.h; path = MultipartRequestProtocol.h; sourceTree = "<group>"; };
		F7498A6B1E9BF0E80067413E /* RequestProtocol.h */ = {isa = PBXFileReference; lastKnownFileType = sourcecode.c.h; path = RequestProtocol.h; sourceTree = "<group>"; };
		F7498A6C1E9BF0FE0067413E /* RequestPaths.h */ = {isa = PBXFileReference; lastKnownFileType = sourcecode.c.h; path = RequestPaths.h; sourceTree = "<group>"; };
		F7498A6D1E9BF14F0067413E /* BaseResponse.h */ = {isa = PBXFileReference; fileEncoding = 4; lastKnownFileType = sourcecode.c.h; path = BaseResponse.h; sourceTree = "<group>"; };
		F7498A6E1E9BF14F0067413E /* BaseResponse.m */ = {isa = PBXFileReference; fileEncoding = 4; lastKnownFileType = sourcecode.c.objc; path = BaseResponse.m; sourceTree = "<group>"; };
		F7498A701E9BF1860067413E /* NSDictionary+Common.h */ = {isa = PBXFileReference; fileEncoding = 4; lastKnownFileType = sourcecode.c.h; path = "NSDictionary+Common.h"; sourceTree = "<group>"; };
		F7498A711E9BF1860067413E /* NSDictionary+Common.m */ = {isa = PBXFileReference; fileEncoding = 4; lastKnownFileType = sourcecode.c.objc; path = "NSDictionary+Common.m"; sourceTree = "<group>"; };
		F7498A731E9BF6630067413E /* PlayRepresentationModel.h */ = {isa = PBXFileReference; fileEncoding = 4; lastKnownFileType = sourcecode.c.h; path = PlayRepresentationModel.h; sourceTree = "<group>"; };
		F7498A741E9BF6630067413E /* PlayRepresentationModel.m */ = {isa = PBXFileReference; fileEncoding = 4; lastKnownFileType = sourcecode.c.objc; path = PlayRepresentationModel.m; sourceTree = "<group>"; };
		F7498A761E9BF6C90067413E /* TheaterModel.h */ = {isa = PBXFileReference; fileEncoding = 4; lastKnownFileType = sourcecode.c.h; path = TheaterModel.h; sourceTree = "<group>"; };
		F7498A771E9BF6C90067413E /* TheaterModel.m */ = {isa = PBXFileReference; fileEncoding = 4; lastKnownFileType = sourcecode.c.objc; path = TheaterModel.m; sourceTree = "<group>"; };
		F7498A791E9BF8470067413E /* PlayModel.h */ = {isa = PBXFileReference; fileEncoding = 4; lastKnownFileType = sourcecode.c.h; path = PlayModel.h; sourceTree = "<group>"; };
		F7498A7A1E9BF8470067413E /* PlayModel.m */ = {isa = PBXFileReference; fileEncoding = 4; lastKnownFileType = sourcecode.c.objc; path = PlayModel.m; sourceTree = "<group>"; };
		F7498A7C1E9BF8FE0067413E /* ActorModel.h */ = {isa = PBXFileReference; fileEncoding = 4; lastKnownFileType = sourcecode.c.h; path = ActorModel.h; sourceTree = "<group>"; };
		F7498A7D1E9BF8FE0067413E /* ActorModel.m */ = {isa = PBXFileReference; fileEncoding = 4; lastKnownFileType = sourcecode.c.objc; path = ActorModel.m; sourceTree = "<group>"; };
		F7498A801E9BFD330067413E /* NSArray+Common.h */ = {isa = PBXFileReference; fileEncoding = 4; lastKnownFileType = sourcecode.c.h; path = "NSArray+Common.h"; sourceTree = "<group>"; };
		F7498A811E9BFD330067413E /* NSArray+Common.m */ = {isa = PBXFileReference; fileEncoding = 4; lastKnownFileType = sourcecode.c.objc; path = "NSArray+Common.m"; sourceTree = "<group>"; };
		F7498A831E9BFE580067413E /* GetPlayRepresRequest.h */ = {isa = PBXFileReference; fileEncoding = 4; lastKnownFileType = sourcecode.c.h; path = GetPlayRepresRequest.h; sourceTree = "<group>"; };
		F7498A841E9BFE580067413E /* GetPlayRepresRequest.m */ = {isa = PBXFileReference; fileEncoding = 4; lastKnownFileType = sourcecode.c.objc; path = GetPlayRepresRequest.m; sourceTree = "<group>"; };
		F7498A871E9C10350067413E /* LocationMapViewController.h */ = {isa = PBXFileReference; fileEncoding = 4; lastKnownFileType = sourcecode.c.h; path = LocationMapViewController.h; sourceTree = "<group>"; };
		F7498A881E9C10350067413E /* LocationMapViewController.m */ = {isa = PBXFileReference; fileEncoding = 4; lastKnownFileType = sourcecode.c.objc; path = LocationMapViewController.m; sourceTree = "<group>"; };
		F7566F721EB0FB3A000083D0 /* ShowViewController.h */ = {isa = PBXFileReference; fileEncoding = 4; lastKnownFileType = sourcecode.c.h; path = ShowViewController.h; sourceTree = "<group>"; };
		F7566F731EB0FB3A000083D0 /* ShowViewController.m */ = {isa = PBXFileReference; fileEncoding = 4; lastKnownFileType = sourcecode.c.objc; path = ShowViewController.m; sourceTree = "<group>"; };
/* End PBXFileReference section */

/* Begin PBXFrameworksBuildPhase section */
		916B04A31E98E43F00813628 /* Frameworks */ = {
			isa = PBXFrameworksBuildPhase;
			buildActionMask = 2147483647;
			files = (
				91A4F1EE1EAFD8F60002A82B /* Bolts.framework in Frameworks */,
				91A4F1EF1EAFD8F60002A82B /* FBSDKCoreKit.framework in Frameworks */,
				91A4F1F81EAFDC080002A82B /* FBSDKLoginKit.framework in Frameworks */,
				91A4F1F21EAFDC080002A82B /* AccountKit.framework in Frameworks */,
				91A4F1F11EAFD8F60002A82B /* FBSDKShareKit.framework in Frameworks */,
				91A4F1F01EAFD8F60002A82B /* FBSDKLoginKit.framework in Frameworks */,
				91A4F1FA1EAFDC080002A82B /* FBSDKShareKit.framework in Frameworks */,
				66BD65518B9FDF20E50EA3C1 /* Pods_punctArt___Loading_Culture.framework in Frameworks */,
				91A4F1ED1EAFD8F60002A82B /* AccountKit.framework in Frameworks */,
				91A4F1F61EAFDC080002A82B /* FBSDKCoreKit.framework in Frameworks */,
				91A4F1F41EAFDC080002A82B /* Bolts.framework in Frameworks */,
			);
			runOnlyForDeploymentPostprocessing = 0;
		};
/* End PBXFrameworksBuildPhase section */

/* Begin PBXGroup section */
		367218754BEB0630E8B12651 /* Pods */ = {
			isa = PBXGroup;
			children = (
				F389D8C33C0011462321701E /* Pods-punctArt : Loading Culture.debug.xcconfig */,
				89187CECE7A7E80A4626313A /* Pods-punctArt : Loading Culture.release.xcconfig */,
			);
			name = Pods;
			sourceTree = "<group>";
		};
		913B0BE21E98FCC1006B8546 /* TabBar */ = {
			isa = PBXGroup;
			children = (
				916B04C41E98E6E200813628 /* CustomTabBarViewController.h */,
				916B04C51E98E6E200813628 /* CustomTabBarViewController.m */,
			);
			name = TabBar;
			sourceTree = "<group>";
		};
		913B0BE31E98FCCA006B8546 /* Shows */ = {
			isa = PBXGroup;
			children = (
				913B0BE61E98FCF5006B8546 /* ShowNavigationController.h */,
				913B0BE71E98FCF5006B8546 /* ShowNavigationController.m */,
				913B0BEC1E98FD86006B8546 /* ShowsViewController.h */,
				913B0BED1E98FD86006B8546 /* ShowsViewController.m */,
				F7566F721EB0FB3A000083D0 /* ShowViewController.h */,
				F7566F731EB0FB3A000083D0 /* ShowViewController.m */,
				91B3593E1EC9C89600F6D2C7 /* ShowParallaxHeaderController.h */,
				91B3593F1EC9C89600F6D2C7 /* ShowParallaxHeaderController.m */,
				91B359411EC9D71B00F6D2C7 /* ShowScrollViewController.h */,
				91B359421EC9D71B00F6D2C7 /* ShowScrollViewController.m */,
			);
			name = Shows;
			sourceTree = "<group>";
		};
		913B0BE41E98FCD0006B8546 /* Profile */ = {
			isa = PBXGroup;
			children = (
				913B0BE91E98FD08006B8546 /* ProfileNavigationController.h */,
				913B0BEA1E98FD08006B8546 /* ProfileNavigationController.m */,
				91A4F1FD1EAFDDC00002A82B /* LoginViewController.h */,
				91A4F1FE1EAFDDC00002A82B /* LoginViewController.m */,
				91A4F2011EAFDF6E0002A82B /* ProfileViewController.h */,
				91A4F2021EAFDF6E0002A82B /* ProfileViewController.m */,
			);
			name = Profile;
			sourceTree = "<group>";
		};
		913B0BEF1E98FEF7006B8546 /* Resources */ = {
			isa = PBXGroup;
			children = (
				91A4F2101EAFFFFB0002A82B /* Session.h */,
				91A4F2111EAFFFFB0002A82B /* Session.m */,
				91A4F2121EAFFFFB0002A82B /* SessionManager.h */,
				91A4F2131EAFFFFB0002A82B /* SessionManager.m */,
				91A4F2071EAFEB020002A82B /* AlertManager.h */,
				91A4F2081EAFEB020002A82B /* AlertManager.m */,
				91A4F1E71EAFD8EB0002A82B /* Facebook SDK */,
				913B0BF01E98FF01006B8546 /* Categories */,
				91A4F20D1EAFF2F80002A82B /* Enums.h */,
				91A4F20E1EAFF2F80002A82B /* Enums.m */,
			);
			name = Resources;
			sourceTree = "<group>";
		};
		913B0BF01E98FF01006B8546 /* Categories */ = {
			isa = PBXGroup;
			children = (
				F7498A801E9BFD330067413E /* NSArray+Common.h */,
				F7498A811E9BFD330067413E /* NSArray+Common.m */,
				F7498A701E9BF1860067413E /* NSDictionary+Common.h */,
				F7498A711E9BF1860067413E /* NSDictionary+Common.m */,
				913B0BF11E98FF0D006B8546 /* UIViewController+ZooUrban.h */,
				913B0BF21E98FF0D006B8546 /* UIViewController+ZooUrban.m */,
			);
			name = Categories;
			sourceTree = "<group>";
		};
		913B0BF41E990A36006B8546 /* Cells */ = {
			isa = PBXGroup;
			children = (
				913B0BF51E990A4C006B8546 /* ShowTableViewCell.h */,
				913B0BF61E990A4C006B8546 /* ShowTableViewCell.m */,
				913B0BF71E990A4C006B8546 /* ShowTableViewCell.xib */,
			);
			name = Cells;
			sourceTree = "<group>";
		};
		916B049D1E98E43F00813628 = {
			isa = PBXGroup;
			children = (
				F7498A671E9BF0280067413E /* PunctArtHeaders.pch */,
				916B04A81E98E44200813628 /* punctArt : Loading Culture */,
				916B04A71E98E44200813628 /* Products */,
				367218754BEB0630E8B12651 /* Pods */,
				FF25AC2A4715AED931A2799B /* Frameworks */,
			);
			sourceTree = "<group>";
		};
		916B04A71E98E44200813628 /* Products */ = {
			isa = PBXGroup;
			children = (
				916B04A61E98E44200813628 /* punctArt : Loading Culture.app */,
			);
			name = Products;
			sourceTree = "<group>";
		};
		916B04A81E98E44200813628 /* punctArt : Loading Culture */ = {
			isa = PBXGroup;
			children = (
				913B0BEF1E98FEF7006B8546 /* Resources */,
				916B04CD1E98E71900813628 /* AppDelegate&plist */,
				916B04CC1E98E71200813628 /* Assets */,
				916B04CB1E98E70700813628 /* Storyboards */,
				916B04CA1E98E6FA00813628 /* Networking */,
				916B04C91E98E6F400813628 /* Model */,
				916B04C81E98E6F000813628 /* Views */,
				916B04C71E98E6EA00813628 /* View Controllers */,
				916B04A91E98E44200813628 /* Supporting Files */,
				916B04B51E98E44200813628 /* punctArt___Loading_Culture.xcdatamodeld */,
			);
			path = "punctArt : Loading Culture";
			sourceTree = "<group>";
		};
		916B04A91E98E44200813628 /* Supporting Files */ = {
			isa = PBXGroup;
			children = (
				916B04AA1E98E44200813628 /* main.m */,
			);
			name = "Supporting Files";
			sourceTree = "<group>";
		};
		916B04C71E98E6EA00813628 /* View Controllers */ = {
			isa = PBXGroup;
			children = (
				91A5A5FD1E9D5A770012903F /* AWDirectionsViewController.h */,
				91A5A5FE1E9D5A770012903F /* AWDirectionsViewController.m */,
				913B0BE41E98FCD0006B8546 /* Profile */,
				913B0BE31E98FCCA006B8546 /* Shows */,
				913B0BE21E98FCC1006B8546 /* TabBar */,
				F7498A871E9C10350067413E /* LocationMapViewController.h */,
				F7498A881E9C10350067413E /* LocationMapViewController.m */,
			);
			name = "View Controllers";
			sourceTree = "<group>";
		};
		916B04C81E98E6F000813628 /* Views */ = {
			isa = PBXGroup;
			children = (
				913B0BF41E990A36006B8546 /* Cells */,
			);
			name = Views;
			sourceTree = "<group>";
		};
		916B04C91E98E6F400813628 /* Model */ = {
			isa = PBXGroup;
			children = (
				91A4F2041EAFE9BA0002A82B /* LoggedUser.h */,
				91A4F2051EAFE9BA0002A82B /* LoggedUser.m */,
				F7498A731E9BF6630067413E /* PlayRepresentationModel.h */,
				F7498A741E9BF6630067413E /* PlayRepresentationModel.m */,
				F7498A761E9BF6C90067413E /* TheaterModel.h */,
				F7498A771E9BF6C90067413E /* TheaterModel.m */,
				F7498A791E9BF8470067413E /* PlayModel.h */,
				F7498A7A1E9BF8470067413E /* PlayModel.m */,
				F7498A7C1E9BF8FE0067413E /* ActorModel.h */,
				F7498A7D1E9BF8FE0067413E /* ActorModel.m */,
			);
			name = Model;
			sourceTree = "<group>";
		};
		916B04CA1E98E6FA00813628 /* Networking */ = {
			isa = PBXGroup;
			children = (
				F7498A6C1E9BF0FE0067413E /* RequestPaths.h */,
				F7498A691E9BF0E30067413E /* Protocols */,
				F7498A681E9BF0950067413E /* Requests */,
				F7498A641E9BF00D0067413E /* HttpClient.h */,
				F7498A651E9BF00D0067413E /* HttpClient.m */,
			);
			name = Networking;
			sourceTree = "<group>";
		};
		916B04CB1E98E70700813628 /* Storyboards */ = {
			isa = PBXGroup;
			children = (
				916B04BA1E98E44200813628 /* LaunchScreen.storyboard */,
				916B04B21E98E44200813628 /* Main.storyboard */,
			);
			name = Storyboards;
			sourceTree = "<group>";
		};
		916B04CC1E98E71200813628 /* Assets */ = {
			isa = PBXGroup;
			children = (
				916B04B81E98E44200813628 /* Assets.xcassets */,
			);
			name = Assets;
			sourceTree = "<group>";
		};
		916B04CD1E98E71900813628 /* AppDelegate&plist */ = {
			isa = PBXGroup;
			children = (
				916B04AC1E98E44200813628 /* AppDelegate.h */,
				916B04AD1E98E44200813628 /* AppDelegate.m */,
				916B04BD1E98E44200813628 /* Info.plist */,
			);
			name = "AppDelegate&plist";
			sourceTree = "<group>";
		};
		91A4F1E71EAFD8EB0002A82B /* Facebook SDK */ = {
			isa = PBXGroup;
			children = (
				91A4F1E81EAFD8F60002A82B /* AccountKit.framework */,
				91A4F1E91EAFD8F60002A82B /* Bolts.framework */,
				91A4F1EA1EAFD8F60002A82B /* FBSDKCoreKit.framework */,
				91A4F1EB1EAFD8F60002A82B /* FBSDKLoginKit.framework */,
				91A4F1EC1EAFD8F60002A82B /* FBSDKShareKit.framework */,
			);
			name = "Facebook SDK";
			sourceTree = "<group>";
		};
		F7498A681E9BF0950067413E /* Requests */ = {
			isa = PBXGroup;
			children = (
				F7498A831E9BFE580067413E /* GetPlayRepresRequest.h */,
				F7498A841E9BFE580067413E /* GetPlayRepresRequest.m */,
				91A4F20A1EAFF2730002A82B /* LoginRequest.h */,
				91A4F20B1EAFF2730002A82B /* LoginRequest.m */,
			);
			name = Requests;
			sourceTree = "<group>";
		};
		F7498A691E9BF0E30067413E /* Protocols */ = {
			isa = PBXGroup;
			children = (
				F7498A6D1E9BF14F0067413E /* BaseResponse.h */,
				F7498A6E1E9BF14F0067413E /* BaseResponse.m */,
				F7498A6A1E9BF0E80067413E /* MultipartRequestProtocol.h */,
				F7498A6B1E9BF0E80067413E /* RequestProtocol.h */,
			);
			name = Protocols;
			sourceTree = "<group>";
		};
		FF25AC2A4715AED931A2799B /* Frameworks */ = {
			isa = PBXGroup;
			children = (
				CEA9B0D823706C5348742B87 /* Pods_punctArt___Loading_Culture.framework */,
			);
			name = Frameworks;
			sourceTree = "<group>";
		};
/* End PBXGroup section */

/* Begin PBXNativeTarget section */
		916B04A51E98E43F00813628 /* punctArt : Loading Culture */ = {
			isa = PBXNativeTarget;
			buildConfigurationList = 916B04C01E98E44200813628 /* Build configuration list for PBXNativeTarget "punctArt : Loading Culture" */;
			buildPhases = (
				6A64316F9FB53B72995E6182 /* [CP] Check Pods Manifest.lock */,
				916B04A21E98E43F00813628 /* Sources */,
				916B04A31E98E43F00813628 /* Frameworks */,
				916B04A41E98E43F00813628 /* Resources */,
				FEA78208FE53147EEA2DEA55 /* [CP] Embed Pods Frameworks */,
				A9E988C08728E37DD6EBB43D /* [CP] Copy Pods Resources */,
				91A4F1FC1EAFDC080002A82B /* Embed Frameworks */,
			);
			buildRules = (
			);
			dependencies = (
			);
			name = "punctArt : Loading Culture";
			productName = "punctArt : Loading Culture";
			productReference = 916B04A61E98E44200813628 /* punctArt : Loading Culture.app */;
			productType = "com.apple.product-type.application";
		};
/* End PBXNativeTarget section */

/* Begin PBXProject section */
		916B049E1E98E43F00813628 /* Project object */ = {
			isa = PBXProject;
			attributes = {
				LastUpgradeCheck = 0820;
				ORGANIZATIONNAME = "Mihai Honceriu";
				TargetAttributes = {
					916B04A51E98E43F00813628 = {
						CreatedOnToolsVersion = 8.2.1;
						DevelopmentTeam = 339G5DV22M;
						LastSwiftMigration = 0820;
						ProvisioningStyle = Automatic;
					};
				};
			};
			buildConfigurationList = 916B04A11E98E43F00813628 /* Build configuration list for PBXProject "punctArt : Loading Culture" */;
			compatibilityVersion = "Xcode 3.2";
			developmentRegion = English;
			hasScannedForEncodings = 0;
			knownRegions = (
				en,
				Base,
			);
			mainGroup = 916B049D1E98E43F00813628;
			productRefGroup = 916B04A71E98E44200813628 /* Products */;
			projectDirPath = "";
			projectRoot = "";
			targets = (
				916B04A51E98E43F00813628 /* punctArt : Loading Culture */,
			);
		};
/* End PBXProject section */

/* Begin PBXResourcesBuildPhase section */
		916B04A41E98E43F00813628 /* Resources */ = {
			isa = PBXResourcesBuildPhase;
			buildActionMask = 2147483647;
			files = (
				916B04BC1E98E44200813628 /* LaunchScreen.storyboard in Resources */,
				916B04B91E98E44200813628 /* Assets.xcassets in Resources */,
				913B0BF91E990A4C006B8546 /* ShowTableViewCell.xib in Resources */,
				916B04B41E98E44200813628 /* Main.storyboard in Resources */,
			);
			runOnlyForDeploymentPostprocessing = 0;
		};
/* End PBXResourcesBuildPhase section */

/* Begin PBXShellScriptBuildPhase section */
		6A64316F9FB53B72995E6182 /* [CP] Check Pods Manifest.lock */ = {
			isa = PBXShellScriptBuildPhase;
			buildActionMask = 2147483647;
			files = (
			);
			inputPaths = (
			);
			name = "[CP] Check Pods Manifest.lock";
			outputPaths = (
			);
			runOnlyForDeploymentPostprocessing = 0;
			shellPath = /bin/sh;
			shellScript = "diff \"${PODS_ROOT}/../Podfile.lock\" \"${PODS_ROOT}/Manifest.lock\" > /dev/null\nif [ $? != 0 ] ; then\n    # print error to STDERR\n    echo \"error: The sandbox is not in sync with the Podfile.lock. Run 'pod install' or update your CocoaPods installation.\" >&2\n    exit 1\nfi\n";
			showEnvVarsInLog = 0;
		};
		A9E988C08728E37DD6EBB43D /* [CP] Copy Pods Resources */ = {
			isa = PBXShellScriptBuildPhase;
			buildActionMask = 2147483647;
			files = (
			);
			inputPaths = (
			);
			name = "[CP] Copy Pods Resources";
			outputPaths = (
			);
			runOnlyForDeploymentPostprocessing = 0;
			shellPath = /bin/sh;
			shellScript = "\"${SRCROOT}/Pods/Target Support Files/Pods-punctArt : Loading Culture/Pods-punctArt : Loading Culture-resources.sh\"\n";
			showEnvVarsInLog = 0;
		};
		FEA78208FE53147EEA2DEA55 /* [CP] Embed Pods Frameworks */ = {
			isa = PBXShellScriptBuildPhase;
			buildActionMask = 2147483647;
			files = (
			);
			inputPaths = (
			);
			name = "[CP] Embed Pods Frameworks";
			outputPaths = (
			);
			runOnlyForDeploymentPostprocessing = 0;
			shellPath = /bin/sh;
			shellScript = "\"${SRCROOT}/Pods/Target Support Files/Pods-punctArt : Loading Culture/Pods-punctArt : Loading Culture-frameworks.sh\"\n";
			showEnvVarsInLog = 0;
		};
/* End PBXShellScriptBuildPhase section */

/* Begin PBXSourcesBuildPhase section */
		916B04A21E98E43F00813628 /* Sources */ = {
			isa = PBXSourcesBuildPhase;
			buildActionMask = 2147483647;
			files = (
				F7498A751E9BF6630067413E /* PlayRepresentationModel.m in Sources */,
				F7498A7E1E9BF8FE0067413E /* ActorModel.m in Sources */,
				913B0BEE1E98FD86006B8546 /* ShowsViewController.m in Sources */,
				916B04AE1E98E44200813628 /* AppDelegate.m in Sources */,
				F7498A781E9BF6C90067413E /* TheaterModel.m in Sources */,
				F7498A7B1E9BF8470067413E /* PlayModel.m in Sources */,
				F7498A661E9BF00D0067413E /* HttpClient.m in Sources */,
				F7498A851E9BFE580067413E /* GetPlayRepresRequest.m in Sources */,
				91B359431EC9D71B00F6D2C7 /* ShowScrollViewController.m in Sources */,
				91A4F2141EAFFFFB0002A82B /* Session.m in Sources */,
				91A4F20F1EAFF2F80002A82B /* Enums.m in Sources */,
				91A4F2031EAFDF6E0002A82B /* ProfileViewController.m in Sources */,
				916B04C61E98E6E200813628 /* CustomTabBarViewController.m in Sources */,
				F7498A821E9BFD330067413E /* NSArray+Common.m in Sources */,
				91A5A5FF1E9D5A770012903F /* AWDirectionsViewController.m in Sources */,
				91A4F2091EAFEB020002A82B /* AlertManager.m in Sources */,
				91A4F1FF1EAFDDC00002A82B /* LoginViewController.m in Sources */,
				91A4F20C1EAFF2730002A82B /* LoginRequest.m in Sources */,
				916B04B71E98E44200813628 /* punctArt___Loading_Culture.xcdatamodeld in Sources */,
				91A4F2061EAFE9BA0002A82B /* LoggedUser.m in Sources */,
				913B0BF81E990A4C006B8546 /* ShowTableViewCell.m in Sources */,
				91B359401EC9C89600F6D2C7 /* ShowParallaxHeaderController.m in Sources */,
				916B04AB1E98E44200813628 /* main.m in Sources */,
				F7498A721E9BF1860067413E /* NSDictionary+Common.m in Sources */,
				F7498A891E9C10350067413E /* LocationMapViewController.m in Sources */,
				913B0BE81E98FCF5006B8546 /* ShowNavigationController.m in Sources */,
				F7566F741EB0FB3A000083D0 /* ShowViewController.m in Sources */,
				913B0BF31E98FF0D006B8546 /* UIViewController+ZooUrban.m in Sources */,
				913B0BEB1E98FD08006B8546 /* ProfileNavigationController.m in Sources */,
				91A4F2151EAFFFFB0002A82B /* SessionManager.m in Sources */,
				F7498A6F1E9BF14F0067413E /* BaseResponse.m in Sources */,
			);
			runOnlyForDeploymentPostprocessing = 0;
		};
/* End PBXSourcesBuildPhase section */

/* Begin PBXVariantGroup section */
		916B04B21E98E44200813628 /* Main.storyboard */ = {
			isa = PBXVariantGroup;
			children = (
				916B04B31E98E44200813628 /* Base */,
			);
			name = Main.storyboard;
			sourceTree = "<group>";
		};
		916B04BA1E98E44200813628 /* LaunchScreen.storyboard */ = {
			isa = PBXVariantGroup;
			children = (
				916B04BB1E98E44200813628 /* Base */,
			);
			name = LaunchScreen.storyboard;
			sourceTree = "<group>";
		};
/* End PBXVariantGroup section */

/* Begin XCBuildConfiguration section */
		916B04BE1E98E44200813628 /* Debug */ = {
			isa = XCBuildConfiguration;
			buildSettings = {
				ALWAYS_SEARCH_USER_PATHS = NO;
				CLANG_ANALYZER_NONNULL = YES;
				CLANG_CXX_LANGUAGE_STANDARD = "gnu++0x";
				CLANG_CXX_LIBRARY = "libc++";
				CLANG_ENABLE_MODULES = YES;
				CLANG_ENABLE_OBJC_ARC = YES;
				CLANG_WARN_BOOL_CONVERSION = YES;
				CLANG_WARN_CONSTANT_CONVERSION = YES;
				CLANG_WARN_DIRECT_OBJC_ISA_USAGE = YES_ERROR;
				CLANG_WARN_DOCUMENTATION_COMMENTS = YES;
				CLANG_WARN_EMPTY_BODY = YES;
				CLANG_WARN_ENUM_CONVERSION = YES;
				CLANG_WARN_INFINITE_RECURSION = YES;
				CLANG_WARN_INT_CONVERSION = YES;
				CLANG_WARN_OBJC_ROOT_CLASS = YES_ERROR;
				CLANG_WARN_SUSPICIOUS_MOVE = YES;
				CLANG_WARN_UNREACHABLE_CODE = YES;
				CLANG_WARN__DUPLICATE_METHOD_MATCH = YES;
				"CODE_SIGN_IDENTITY[sdk=iphoneos*]" = "iPhone Developer";
				COPY_PHASE_STRIP = NO;
				DEBUG_INFORMATION_FORMAT = dwarf;
				ENABLE_STRICT_OBJC_MSGSEND = YES;
				ENABLE_TESTABILITY = YES;
				GCC_C_LANGUAGE_STANDARD = gnu99;
				GCC_DYNAMIC_NO_PIC = NO;
				GCC_NO_COMMON_BLOCKS = YES;
				GCC_OPTIMIZATION_LEVEL = 0;
				GCC_PREPROCESSOR_DEFINITIONS = (
					"DEBUG=1",
					"$(inherited)",
				);
				GCC_WARN_64_TO_32_BIT_CONVERSION = YES;
				GCC_WARN_ABOUT_RETURN_TYPE = YES_ERROR;
				GCC_WARN_UNDECLARED_SELECTOR = YES;
				GCC_WARN_UNINITIALIZED_AUTOS = YES_AGGRESSIVE;
				GCC_WARN_UNUSED_FUNCTION = YES;
				GCC_WARN_UNUSED_VARIABLE = YES;
				IPHONEOS_DEPLOYMENT_TARGET = 10.2;
				MTL_ENABLE_DEBUG_INFO = YES;
				ONLY_ACTIVE_ARCH = YES;
				SDKROOT = iphoneos;
			};
			name = Debug;
		};
		916B04BF1E98E44200813628 /* Release */ = {
			isa = XCBuildConfiguration;
			buildSettings = {
				ALWAYS_SEARCH_USER_PATHS = NO;
				CLANG_ANALYZER_NONNULL = YES;
				CLANG_CXX_LANGUAGE_STANDARD = "gnu++0x";
				CLANG_CXX_LIBRARY = "libc++";
				CLANG_ENABLE_MODULES = YES;
				CLANG_ENABLE_OBJC_ARC = YES;
				CLANG_WARN_BOOL_CONVERSION = YES;
				CLANG_WARN_CONSTANT_CONVERSION = YES;
				CLANG_WARN_DIRECT_OBJC_ISA_USAGE = YES_ERROR;
				CLANG_WARN_DOCUMENTATION_COMMENTS = YES;
				CLANG_WARN_EMPTY_BODY = YES;
				CLANG_WARN_ENUM_CONVERSION = YES;
				CLANG_WARN_INFINITE_RECURSION = YES;
				CLANG_WARN_INT_CONVERSION = YES;
				CLANG_WARN_OBJC_ROOT_CLASS = YES_ERROR;
				CLANG_WARN_SUSPICIOUS_MOVE = YES;
				CLANG_WARN_UNREACHABLE_CODE = YES;
				CLANG_WARN__DUPLICATE_METHOD_MATCH = YES;
				"CODE_SIGN_IDENTITY[sdk=iphoneos*]" = "iPhone Developer";
				COPY_PHASE_STRIP = NO;
				DEBUG_INFORMATION_FORMAT = "dwarf-with-dsym";
				ENABLE_NS_ASSERTIONS = NO;
				ENABLE_STRICT_OBJC_MSGSEND = YES;
				GCC_C_LANGUAGE_STANDARD = gnu99;
				GCC_NO_COMMON_BLOCKS = YES;
				GCC_WARN_64_TO_32_BIT_CONVERSION = YES;
				GCC_WARN_ABOUT_RETURN_TYPE = YES_ERROR;
				GCC_WARN_UNDECLARED_SELECTOR = YES;
				GCC_WARN_UNINITIALIZED_AUTOS = YES_AGGRESSIVE;
				GCC_WARN_UNUSED_FUNCTION = YES;
				GCC_WARN_UNUSED_VARIABLE = YES;
				IPHONEOS_DEPLOYMENT_TARGET = 10.2;
				MTL_ENABLE_DEBUG_INFO = NO;
				SDKROOT = iphoneos;
				VALIDATE_PRODUCT = YES;
			};
			name = Release;
		};
		916B04C11E98E44200813628 /* Debug */ = {
			isa = XCBuildConfiguration;
			baseConfigurationReference = F389D8C33C0011462321701E /* Pods-punctArt : Loading Culture.debug.xcconfig */;
			buildSettings = {
				ASSETCATALOG_COMPILER_APPICON_NAME = AppIcon;
				DEVELOPMENT_TEAM = 339G5DV22M;
				FRAMEWORK_SEARCH_PATHS = (
					"$(inherited)",
					"$(PROJECT_DIR)/punctArt\\ :\\ Loading\\ Culture/**",
					"$(PROJECT_DIR)/punctArt\\ :\\ Loading\\ Culture",
					"$(PROJECT_DIR)/punctArt\\ :\\ Loading\\ Culture",
					"$(PROJECT_DIR)/punctArt\\ :\\ Loading\\ Culture",
					"$(PROJECT_DIR)/punctArt\\ :\\ Loading\\ Culture",
					"$(PROJECT_DIR)/punctArt\\ :\\ Loading\\ Culture",
					"$(PROJECT_DIR)/punctArt\\ :\\ Loading\\ Culture",
					"$(PROJECT_DIR)/punctArt\\ :\\ Loading\\ Culture",
					"$(PROJECT_DIR)/punctArt\\ :\\ Loading\\ Culture",
					"$(PROJECT_DIR)/punctArt\\ :\\ Loading\\ Culture",
				);
				GCC_PREFIX_HEADER = PunctArtHeaders.pch;
				INFOPLIST_FILE = "punctArt : Loading Culture/Info.plist";
				IPHONEOS_DEPLOYMENT_TARGET = 9.0;
				LD_RUNPATH_SEARCH_PATHS = "$(inherited) @executable_path/Frameworks";
				PRODUCT_BUNDLE_IDENTIFIER = "MihaiH.punctArt---Loading-Culture";
				PRODUCT_NAME = "$(TARGET_NAME)";
				SWIFT_VERSION = 3.0;
			};
			name = Debug;
		};
		916B04C21E98E44200813628 /* Release */ = {
			isa = XCBuildConfiguration;
			baseConfigurationReference = 89187CECE7A7E80A4626313A /* Pods-punctArt : Loading Culture.release.xcconfig */;
			buildSettings = {
				ASSETCATALOG_COMPILER_APPICON_NAME = AppIcon;
				DEVELOPMENT_TEAM = 339G5DV22M;
				FRAMEWORK_SEARCH_PATHS = (
					"$(inherited)",
					"$(PROJECT_DIR)/punctArt\\ :\\ Loading\\ Culture/**",
					"$(PROJECT_DIR)/punctArt\\ :\\ Loading\\ Culture",
					"$(PROJECT_DIR)/punctArt\\ :\\ Loading\\ Culture",
					"$(PROJECT_DIR)/punctArt\\ :\\ Loading\\ Culture",
					"$(PROJECT_DIR)/punctArt\\ :\\ Loading\\ Culture",
					"$(PROJECT_DIR)/punctArt\\ :\\ Loading\\ Culture",
					"$(PROJECT_DIR)/punctArt\\ :\\ Loading\\ Culture",
					"$(PROJECT_DIR)/punctArt\\ :\\ Loading\\ Culture",
					"$(PROJECT_DIR)/punctArt\\ :\\ Loading\\ Culture",
					"$(PROJECT_DIR)/punctArt\\ :\\ Loading\\ Culture",
				);
				GCC_PREFIX_HEADER = PunctArtHeaders.pch;
				INFOPLIST_FILE = "punctArt : Loading Culture/Info.plist";
				IPHONEOS_DEPLOYMENT_TARGET = 9.0;
				LD_RUNPATH_SEARCH_PATHS = "$(inherited) @executable_path/Frameworks";
				PRODUCT_BUNDLE_IDENTIFIER = "MihaiH.punctArt---Loading-Culture";
				PRODUCT_NAME = "$(TARGET_NAME)";
				SWIFT_VERSION = 3.0;
			};
			name = Release;
		};
/* End XCBuildConfiguration section */

/* Begin XCConfigurationList section */
		916B04A11E98E43F00813628 /* Build configuration list for PBXProject "punctArt : Loading Culture" */ = {
			isa = XCConfigurationList;
			buildConfigurations = (
				916B04BE1E98E44200813628 /* Debug */,
				916B04BF1E98E44200813628 /* Release */,
			);
			defaultConfigurationIsVisible = 0;
			defaultConfigurationName = Release;
		};
		916B04C01E98E44200813628 /* Build configuration list for PBXNativeTarget "punctArt : Loading Culture" */ = {
			isa = XCConfigurationList;
			buildConfigurations = (
				916B04C11E98E44200813628 /* Debug */,
				916B04C21E98E44200813628 /* Release */,
			);
			defaultConfigurationIsVisible = 0;
			defaultConfigurationName = Release;
		};
/* End XCConfigurationList section */

/* Begin XCVersionGroup section */
		916B04B51E98E44200813628 /* punctArt___Loading_Culture.xcdatamodeld */ = {
			isa = XCVersionGroup;
			children = (
				916B04B61E98E44200813628 /* punctArt___Loading_Culture.xcdatamodel */,
			);
			currentVersion = 916B04B61E98E44200813628 /* punctArt___Loading_Culture.xcdatamodel */;
			path = "punctArt___Loading_Culture.xcdatamodeld";
			sourceTree = "<group>";
			versionGroupType = wrapper.xcdatamodel;
		};
/* End XCVersionGroup section */
	};
	rootObject = 916B049E1E98E43F00813628 /* Project object */;
}
